
Microsoft Visual Studio Solution File, Format Version 12.00
# Visual Studio Version 16
VisualStudioVersion = 16.0.30114.105
MinimumVisualStudioVersion = 10.0.40219.1
Project("{FAE04EC0-301F-11D3-BF4B-00C04F79EFBC}") = "Questao01-NotaNeg", "Questao01-NotaNeg\Questao01-NotaNeg.csproj", "{0F755EFB-7967-49BF-97A9-80D2641C1CF8}"
EndProject
Global
	GlobalSection(SolutionConfigurationPlatforms) = preSolution
		Debug|Any CPU = Debug|Any CPU
		Release|Any CPU = Release|Any CPU
	EndGlobalSection
	GlobalSection(ProjectConfigurationPlatforms) = postSolution
		{0F755EFB-7967-49BF-97A9-80D2641C1CF8}.Debug|Any CPU.ActiveCfg = Debug|Any CPU
		{0F755EFB-7967-49BF-97A9-80D2641C1CF8}.Debug|Any CPU.Build.0 = Debug|Any CPU
		{0F755EFB-7967-49BF-97A9-80D2641C1CF8}.Release|Any CPU.ActiveCfg = Release|Any CPU
		{0F755EFB-7967-49BF-97A9-80D2641C1CF8}.Release|Any CPU.Build.0 = Release|Any CPU
	EndGlobalSection
	GlobalSection(SolutionProperties) = preSolution
		HideSolutionNode = FALSE
	EndGlobalSection
	GlobalSection(ExtensibilityGlobals) = postSolution
		SolutionGuid = {50BA4F6F-9420-4698-B103-241FEADD7A92}
	EndGlobalSection
EndGlobal
